{
  "object": {
    "pins": [
      {
        "package": "IBAnimatable",
        "repositoryURL": "https://github.com/IBAnimatable/IBAnimatable.git",
        "state": {
          "branch": "master",
          "revision": "c5bce0d977c9a9b1f98f54577703894bc8efa339",
          "version": null
        }
      },
      {
        "package": "IQKeyboardManagerSwift",
        "repositoryURL": "https://github.com/hackiftekhar/IQKeyboardManager.git",
        "state": {
          "branch": "master",
          "revision": "474f849accae40fe61b5302d9b057dd48ee073ba",
          "version": null
        }
      },
      {
        "package": "SDWebImage",
        "repositoryURL": "https://github.com/SDWebImage/SDWebImage.git",
        "state": {
          "branch": "master",
          "revision": "d01eb3f8aca843146f17b5530cef49be8bd01b78",
          "version": null
        }
      },
      {
        "package": "SignalRClient",
        "repositoryURL": "https://github.com/moozzyk/SignalR-Client-Swift.git",
        "state": {
          "branch": null,
          "revision": "e70c77151872a4f973fe1c10376980b0db3fa4b2",
          "version": "0.9.0"
        }
      }
    ]
  },
  "version": 1
}
